
Microsoft Visual Studio Solution File, Format Version 12.00
# Visual Studio Version 16
VisualStudioVersion = 16.0.30523.141
MinimumVisualStudioVersion = 10.0.40219.1
Project("{FAE04EC0-301F-11D3-BF4B-00C04F79EFBC}") = "Danske.BankingChallenge.Api", "Danske.BankingChallenge.Api\Danske.BankingChallenge.Api.csproj", "{287626B6-1354-40D4-8627-A8915FA68C55}"
EndProject
Project("{FAE04EC0-301F-11D3-BF4B-00C04F79EFBC}") = "Danske.BankingChallenge.Tests", "Danske.BankingChallenge.Tests\Danske.BankingChallenge.Tests.csproj", "{2AD001AA-4C23-49ED-B65C-A23132D9CF8F}"
EndProject
Global
	GlobalSection(SolutionConfigurationPlatforms) = preSolution
		Debug|Any CPU = Debug|Any CPU
		Release|Any CPU = Release|Any CPU
	EndGlobalSection
	GlobalSection(ProjectConfigurationPlatforms) = postSolution
		{287626B6-1354-40D4-8627-A8915FA68C55}.Debug|Any CPU.ActiveCfg = Debug|Any CPU
		{287626B6-1354-40D4-8627-A8915FA68C55}.Debug|Any CPU.Build.0 = Debug|Any CPU
		{287626B6-1354-40D4-8627-A8915FA68C55}.Release|Any CPU.ActiveCfg = Release|Any CPU
		{287626B6-1354-40D4-8627-A8915FA68C55}.Release|Any CPU.Build.0 = Release|Any CPU
		{2AD001AA-4C23-49ED-B65C-A23132D9CF8F}.Debug|Any CPU.ActiveCfg = Debug|Any CPU
		{2AD001AA-4C23-49ED-B65C-A23132D9CF8F}.Debug|Any CPU.Build.0 = Debug|Any CPU
		{2AD001AA-4C23-49ED-B65C-A23132D9CF8F}.Release|Any CPU.ActiveCfg = Release|Any CPU
		{2AD001AA-4C23-49ED-B65C-A23132D9CF8F}.Release|Any CPU.Build.0 = Release|Any CPU
	EndGlobalSection
	GlobalSection(SolutionProperties) = preSolution
		HideSolutionNode = FALSE
	EndGlobalSection
	GlobalSection(ExtensibilityGlobals) = postSolution
		SolutionGuid = {44C16DBD-887A-41FD-ABF2-61C1FDD07FCF}
	EndGlobalSection
EndGlobal
